// !$*UTF8*$!
{
	archiveVersion = 1;
	classes = {
	};
	objectVersion = 50;
	objects = {

/* Begin PBXBuildFile section */
		3310E3EC20CA92F300229125 /* P1.swift in Sources */ = {isa = PBXBuildFile; fileRef = 3310E3EB20CA92F300229125 /* P1.swift */; };
		331F325720CACC4000CD7407 /* P2.swift in Sources */ = {isa = PBXBuildFile; fileRef = 331F325620CACC4000CD7407 /* P2.swift */; };
		3333362420C154D60004FA04 /* DataHolder.swift in Sources */ = {isa = PBXBuildFile; fileRef = 3333362320C154D60004FA04 /* DataHolder.swift */; };
		3333362620C15D7B0004FA04 /* VCRegisterView.swift in Sources */ = {isa = PBXBuildFile; fileRef = 3333362520C15D7B0004FA04 /* VCRegisterView.swift */; };
		3333362820C169A60004FA04 /* GoogleService-Info.plist in Resources */ = {isa = PBXBuildFile; fileRef = 3333362720C169A60004FA04 /* GoogleService-Info.plist */; };
		3373D5E020BD6BDE002A2A35 /* AppDelegate.swift in Sources */ = {isa = PBXBuildFile; fileRef = 3373D5DF20BD6BDE002A2A35 /* AppDelegate.swift */; };
		3373D5E220BD6BDE002A2A35 /* ViewController.swift in Sources */ = {isa = PBXBuildFile; fileRef = 3373D5E120BD6BDE002A2A35 /* ViewController.swift */; };
		3373D5E520BD6BDE002A2A35 /* Main.storyboard in Resources */ = {isa = PBXBuildFile; fileRef = 3373D5E320BD6BDE002A2A35 /* Main.storyboard */; };
		3373D5E820BD6BDE002A2A35 /* Kallinas.xcdatamodeld in Sources */ = {isa = PBXBuildFile; fileRef = 3373D5E620BD6BDE002A2A35 /* Kallinas.xcdatamodeld */; };
		3373D5EA20BD6BE0002A2A35 /* Assets.xcassets in Resources */ = {isa = PBXBuildFile; fileRef = 3373D5E920BD6BE0002A2A35 /* Assets.xcassets */; };
		3373D5ED20BD6BE0002A2A35 /* LaunchScreen.storyboard in Resources */ = {isa = PBXBuildFile; fileRef = 3373D5EB20BD6BE0002A2A35 /* LaunchScreen.storyboard */; };
		338CB0F920C6ADB4004885DE /* Perfil.swift in Sources */ = {isa = PBXBuildFile; fileRef = 338CB0F820C6ADB4004885DE /* Perfil.swift */; };
		6F2E53C020CA87EE0009E299 /* Capuchas.swift in Sources */ = {isa = PBXBuildFile; fileRef = 6F2E53BF20CA87EE0009E299 /* Capuchas.swift */; };
		6F2E53C220CA8CB40009E299 /* TVCCelula.swift in Sources */ = {isa = PBXBuildFile; fileRef = 6F2E53C120CA8CB40009E299 /* TVCCelula.swift */; };
		8D0D187EC736330367B2BF8C /* Pods_Kallinas.framework in Frameworks */ = {isa = PBXBuildFile; fileRef = 99269A1B0D07F75F23927B95 /* Pods_Kallinas.framework */; };
/* End PBXBuildFile section */

/* Begin PBXFileReference section */
		3310E3EB20CA92F300229125 /* P1.swift */ = {isa = PBXFileReference; lastKnownFileType = sourcecode.swift; path = P1.swift; sourceTree = "<group>"; };
		331F325620CACC4000CD7407 /* P2.swift */ = {isa = PBXFileReference; lastKnownFileType = sourcecode.swift; path = P2.swift; sourceTree = "<group>"; };
		3333362320C154D60004FA04 /* DataHolder.swift */ = {isa = PBXFileReference; lastKnownFileType = sourcecode.swift; path = DataHolder.swift; sourceTree = "<group>"; };
		3333362520C15D7B0004FA04 /* VCRegisterView.swift */ = {isa = PBXFileReference; lastKnownFileType = sourcecode.swift; path = VCRegisterView.swift; sourceTree = "<group>"; };
		3333362720C169A60004FA04 /* GoogleService-Info.plist */ = {isa = PBXFileReference; fileEncoding = 4; lastKnownFileType = text.plist.xml; path = "GoogleService-Info.plist"; sourceTree = "<group>"; };
		3373D5DC20BD6BDE002A2A35 /* Kallinas.app */ = {isa = PBXFileReference; explicitFileType = wrapper.application; includeInIndex = 0; path = Kallinas.app; sourceTree = BUILT_PRODUCTS_DIR; };
		3373D5DF20BD6BDE002A2A35 /* AppDelegate.swift */ = {isa = PBXFileReference; lastKnownFileType = sourcecode.swift; path = AppDelegate.swift; sourceTree = "<group>"; };
		3373D5E120BD6BDE002A2A35 /* ViewController.swift */ = {isa = PBXFileReference; lastKnownFileType = sourcecode.swift; path = ViewController.swift; sourceTree = "<group>"; };
		3373D5E420BD6BDE002A2A35 /* Base */ = {isa = PBXFileReference; lastKnownFileType = file.storyboard; name = Base; path = Base.lproj/Main.storyboard; sourceTree = "<group>"; };
		3373D5E720BD6BDE002A2A35 /* Kallinas.xcdatamodel */ = {isa = PBXFileReference; lastKnownFileType = wrapper.xcdatamodel; path = Kallinas.xcdatamodel; sourceTree = "<group>"; };
		3373D5E920BD6BE0002A2A35 /* Assets.xcassets */ = {isa = PBXFileReference; lastKnownFileType = folder.assetcatalog; path = Assets.xcassets; sourceTree = "<group>"; };
		3373D5EC20BD6BE0002A2A35 /* Base */ = {isa = PBXFileReference; lastKnownFileType = file.storyboard; name = Base; path = Base.lproj/LaunchScreen.storyboard; sourceTree = "<group>"; };
		3373D5EE20BD6BE0002A2A35 /* Info.plist */ = {isa = PBXFileReference; lastKnownFileType = text.plist.xml; path = Info.plist; sourceTree = "<group>"; };
		338CB0F820C6ADB4004885DE /* Perfil.swift */ = {isa = PBXFileReference; lastKnownFileType = sourcecode.swift; path = Perfil.swift; sourceTree = "<group>"; };
		6F2E53BF20CA87EE0009E299 /* Capuchas.swift */ = {isa = PBXFileReference; lastKnownFileType = sourcecode.swift; path = Capuchas.swift; sourceTree = "<group>"; };
		6F2E53C120CA8CB40009E299 /* TVCCelula.swift */ = {isa = PBXFileReference; lastKnownFileType = sourcecode.swift; path = TVCCelula.swift; sourceTree = "<group>"; };
		99269A1B0D07F75F23927B95 /* Pods_Kallinas.framework */ = {isa = PBXFileReference; explicitFileType = wrapper.framework; includeInIndex = 0; path = Pods_Kallinas.framework; sourceTree = BUILT_PRODUCTS_DIR; };
		9D5679118D7FBD49B4E911F5 /* Pods-Kallinas.release.xcconfig */ = {isa = PBXFileReference; includeInIndex = 1; lastKnownFileType = text.xcconfig; name = "Pods-Kallinas.release.xcconfig"; path = "Pods/Target Support Files/Pods-Kallinas/Pods-Kallinas.release.xcconfig"; sourceTree = "<group>"; };
		B8AC3D9B95164D17C6FFACEA /* Pods-Kallinas.debug.xcconfig */ = {isa = PBXFileReference; includeInIndex = 1; lastKnownFileType = text.xcconfig; name = "Pods-Kallinas.debug.xcconfig"; path = "Pods/Target Support Files/Pods-Kallinas/Pods-Kallinas.debug.xcconfig"; sourceTree = "<group>"; };
/* End PBXFileReference section */

/* Begin PBXFrameworksBuildPhase section */
		3373D5D920BD6BDE002A2A35 /* Frameworks */ = {
			isa = PBXFrameworksBuildPhase;
			buildActionMask = 2147483647;
			files = (
				8D0D187EC736330367B2BF8C /* Pods_Kallinas.framework in Frameworks */,
			);
			runOnlyForDeploymentPostprocessing = 0;
		};
/* End PBXFrameworksBuildPhase section */

/* Begin PBXGroup section */
		3373D5D320BD6BDE002A2A35 = {
			isa = PBXGroup;
			children = (
				3373D5DE20BD6BDE002A2A35 /* Kallinas */,
				3373D5DD20BD6BDE002A2A35 /* Products */,
				F313E13A972892FB47214812 /* Pods */,
				45EA1675FAB09AB98C49BFAC /* Frameworks */,
			);
			sourceTree = "<group>";
		};
		3373D5DD20BD6BDE002A2A35 /* Products */ = {
			isa = PBXGroup;
			children = (
				3373D5DC20BD6BDE002A2A35 /* Kallinas.app */,
			);
			name = Products;
			sourceTree = "<group>";
		};
		3373D5DE20BD6BDE002A2A35 /* Kallinas */ = {
			isa = PBXGroup;
			children = (
				3333362720C169A60004FA04 /* GoogleService-Info.plist */,
				3373D5DF20BD6BDE002A2A35 /* AppDelegate.swift */,
				3373D5E120BD6BDE002A2A35 /* ViewController.swift */,
				3373D5E320BD6BDE002A2A35 /* Main.storyboard */,
				3373D5E920BD6BE0002A2A35 /* Assets.xcassets */,
				3373D5EB20BD6BE0002A2A35 /* LaunchScreen.storyboard */,
				3373D5EE20BD6BE0002A2A35 /* Info.plist */,
				3373D5E620BD6BDE002A2A35 /* Kallinas.xcdatamodeld */,
				3333362320C154D60004FA04 /* DataHolder.swift */,
				3333362520C15D7B0004FA04 /* VCRegisterView.swift */,
				3310E3EB20CA92F300229125 /* P1.swift */,
				331F325620CACC4000CD7407 /* P2.swift */,
				338CB0F820C6ADB4004885DE /* Perfil.swift */,
				6F2E53BF20CA87EE0009E299 /* Capuchas.swift */,
				6F2E53C120CA8CB40009E299 /* TVCCelula.swift */,
			);
			path = Kallinas;
			sourceTree = "<group>";
		};
		45EA1675FAB09AB98C49BFAC /* Frameworks */ = {
			isa = PBXGroup;
			children = (
				99269A1B0D07F75F23927B95 /* Pods_Kallinas.framework */,
			);
			name = Frameworks;
			sourceTree = "<group>";
		};
		F313E13A972892FB47214812 /* Pods */ = {
			isa = PBXGroup;
			children = (
				B8AC3D9B95164D17C6FFACEA /* Pods-Kallinas.debug.xcconfig */,
				9D5679118D7FBD49B4E911F5 /* Pods-Kallinas.release.xcconfig */,
			);
			name = Pods;
			sourceTree = "<group>";
		};
/* End PBXGroup section */

/* Begin PBXNativeTarget section */
		3373D5DB20BD6BDE002A2A35 /* Kallinas */ = {
			isa = PBXNativeTarget;
			buildConfigurationList = 3373D5F120BD6BE0002A2A35 /* Build configuration list for PBXNativeTarget "Kallinas" */;
			buildPhases = (
				FCCC13B1486B70B9B2A37B50 /* [CP] Check Pods Manifest.lock */,
				3373D5D820BD6BDE002A2A35 /* Sources */,
				3373D5D920BD6BDE002A2A35 /* Frameworks */,
				3373D5DA20BD6BDE002A2A35 /* Resources */,
				12AEE2C654826EAB69F22B49 /* [CP] Embed Pods Frameworks */,
				8D5C04CE355EF02B63F78286 /* [CP] Copy Pods Resources */,
			);
			buildRules = (
			);
			dependencies = (
			);
			name = Kallinas;
			productName = Kallinas;
			productReference = 3373D5DC20BD6BDE002A2A35 /* Kallinas.app */;
			productType = "com.apple.product-type.application";
		};
/* End PBXNativeTarget section */

/* Begin PBXProject section */
		3373D5D420BD6BDE002A2A35 /* Project object */ = {
			isa = PBXProject;
			attributes = {
				LastSwiftUpdateCheck = 0930;
				LastUpgradeCheck = 0930;
				ORGANIZATIONNAME = "Team Benri";
				TargetAttributes = {
					3373D5DB20BD6BDE002A2A35 = {
						CreatedOnToolsVersion = 9.3;
					};
				};
			};
			buildConfigurationList = 3373D5D720BD6BDE002A2A35 /* Build configuration list for PBXProject "Kallinas" */;
			compatibilityVersion = "Xcode 9.3";
			developmentRegion = en;
			hasScannedForEncodings = 0;
			knownRegions = (
				en,
				Base,
			);
			mainGroup = 3373D5D320BD6BDE002A2A35;
			productRefGroup = 3373D5DD20BD6BDE002A2A35 /* Products */;
			projectDirPath = "";
			projectRoot = "";
			targets = (
				3373D5DB20BD6BDE002A2A35 /* Kallinas */,
			);
		};
/* End PBXProject section */

/* Begin PBXResourcesBuildPhase section */
		3373D5DA20BD6BDE002A2A35 /* Resources */ = {
			isa = PBXResourcesBuildPhase;
			buildActionMask = 2147483647;
			files = (
				3373D5ED20BD6BE0002A2A35 /* LaunchScreen.storyboard in Resources */,
				3333362820C169A60004FA04 /* GoogleService-Info.plist in Resources */,
				3373D5EA20BD6BE0002A2A35 /* Assets.xcassets in Resources */,
				3373D5E520BD6BDE002A2A35 /* Main.storyboard in Resources */,
			);
			runOnlyForDeploymentPostprocessing = 0;
		};
/* End PBXResourcesBuildPhase section */

/* Begin PBXShellScriptBuildPhase section */
		12AEE2C654826EAB69F22B49 /* [CP] Embed Pods Frameworks */ = {
			isa = PBXShellScriptBuildPhase;
			buildActionMask = 2147483647;
			files = (
			);
			inputPaths = (
				"${SRCROOT}/Pods/Target Support Files/Pods-Kallinas/Pods-Kallinas-frameworks.sh",
				"${BUILT_PRODUCTS_DIR}/BoringSSL/openssl.framework",
				"${BUILT_PRODUCTS_DIR}/GTMSessionFetcher/GTMSessionFetcher.framework",
				"${BUILT_PRODUCTS_DIR}/GoogleToolboxForMac/GoogleToolboxForMac.framework",
				"${BUILT_PRODUCTS_DIR}/Protobuf/Protobuf.framework",
				"${BUILT_PRODUCTS_DIR}/gRPC/GRPCClient.framework",
				"${BUILT_PRODUCTS_DIR}/gRPC-Core/grpc.framework",
				"${BUILT_PRODUCTS_DIR}/gRPC-ProtoRPC/ProtoRPC.framework",
				"${BUILT_PRODUCTS_DIR}/gRPC-RxLibrary/RxLibrary.framework",
				"${BUILT_PRODUCTS_DIR}/leveldb-library/leveldb.framework",
				"${BUILT_PRODUCTS_DIR}/nanopb/nanopb.framework",
			);
			name = "[CP] Embed Pods Frameworks";
			outputPaths = (
				"${TARGET_BUILD_DIR}/${FRAMEWORKS_FOLDER_PATH}/openssl.framework",
				"${TARGET_BUILD_DIR}/${FRAMEWORKS_FOLDER_PATH}/GTMSessionFetcher.framework",
				"${TARGET_BUILD_DIR}/${FRAMEWORKS_FOLDER_PATH}/GoogleToolboxForMac.framework",
				"${TARGET_BUILD_DIR}/${FRAMEWORKS_FOLDER_PATH}/Protobuf.framework",
				"${TARGET_BUILD_DIR}/${FRAMEWORKS_FOLDER_PATH}/GRPCClient.framework",
				"${TARGET_BUILD_DIR}/${FRAMEWORKS_FOLDER_PATH}/grpc.framework",
				"${TARGET_BUILD_DIR}/${FRAMEWORKS_FOLDER_PATH}/ProtoRPC.framework",
				"${TARGET_BUILD_DIR}/${FRAMEWORKS_FOLDER_PATH}/RxLibrary.framework",
				"${TARGET_BUILD_DIR}/${FRAMEWORKS_FOLDER_PATH}/leveldb.framework",
				"${TARGET_BUILD_DIR}/${FRAMEWORKS_FOLDER_PATH}/nanopb.framework",
			);
			runOnlyForDeploymentPostprocessing = 0;
			shellPath = /bin/sh;
			shellScript = "\"${SRCROOT}/Pods/Target Support Files/Pods-Kallinas/Pods-Kallinas-frameworks.sh\"\n";
			showEnvVarsInLog = 0;
		};
		8D5C04CE355EF02B63F78286 /* [CP] Copy Pods Resources */ = {
			isa = PBXShellScriptBuildPhase;
			buildActionMask = 2147483647;
			files = (
			);
			inputPaths = (
			);
			name = "[CP] Copy Pods Resources";
			outputPaths = (
			);
			runOnlyForDeploymentPostprocessing = 0;
			shellPath = /bin/sh;
			shellScript = "\"${SRCROOT}/Pods/Target Support Files/Pods-Kallinas/Pods-Kallinas-resources.sh\"\n";
			showEnvVarsInLog = 0;
		};
		FCCC13B1486B70B9B2A37B50 /* [CP] Check Pods Manifest.lock */ = {
			isa = PBXShellScriptBuildPhase;
			buildActionMask = 2147483647;
			files = (
			);
			inputPaths = (
				"${PODS_PODFILE_DIR_PATH}/Podfile.lock",
				"${PODS_ROOT}/Manifest.lock",
			);
			name = "[CP] Check Pods Manifest.lock";
			outputPaths = (
				"$(DERIVED_FILE_DIR)/Pods-Kallinas-checkManifestLockResult.txt",
			);
			runOnlyForDeploymentPostprocessing = 0;
			shellPath = /bin/sh;
			shellScript = "diff \"${PODS_PODFILE_DIR_PATH}/Podfile.lock\" \"${PODS_ROOT}/Manifest.lock\" > /dev/null\nif [ $? != 0 ] ; then\n    # print error to STDERR\n    echo \"error: The sandbox is not in sync with the Podfile.lock. Run 'pod install' or update your CocoaPods installation.\" >&2\n    exit 1\nfi\n# This output is used by Xcode 'outputs' to avoid re-running this script phase.\necho \"SUCCESS\" > \"${SCRIPT_OUTPUT_FILE_0}\"\n";
			showEnvVarsInLog = 0;
		};
/* End PBXShellScriptBuildPhase section */

/* Begin PBXSourcesBuildPhase section */
		3373D5D820BD6BDE002A2A35 /* Sources */ = {
			isa = PBXSourcesBuildPhase;
			buildActionMask = 2147483647;
			files = (
				6F2E53C020CA87EE0009E299 /* Capuchas.swift in Sources */,
				3373D5E820BD6BDE002A2A35 /* Kallinas.xcdatamodeld in Sources */,
				3310E3EC20CA92F300229125 /* P1.swift in Sources */,
				331F325720CACC4000CD7407 /* P2.swift in Sources */,
				3373D5E220BD6BDE002A2A35 /* ViewController.swift in Sources */,
				3373D5E020BD6BDE002A2A35 /* AppDelegate.swift in Sources */,
				338CB0F920C6ADB4004885DE /* Perfil.swift in Sources */,
				6F2E53C220CA8CB40009E299 /* TVCCelula.swift in Sources */,
				3333362420C154D60004FA04 /* DataHolder.swift in Sources */,
				3333362620C15D7B0004FA04 /* VCRegisterView.swift in Sources */,
			);
			runOnlyForDeploymentPostprocessing = 0;
		};
/* End PBXSourcesBuildPhase section */

/* Begin PBXVariantGroup section */
		3373D5E320BD6BDE002A2A35 /* Main.storyboard */ = {
			isa = PBXVariantGroup;
			children = (
				3373D5E420BD6BDE002A2A35 /* Base */,
			);
			name = Main.storyboard;
			sourceTree = "<group>";
		};
		3373D5EB20BD6BE0002A2A35 /* LaunchScreen.storyboard */ = {
			isa = PBXVariantGroup;
			children = (
				3373D5EC20BD6BE0002A2A35 /* Base */,
			);
			name = LaunchScreen.storyboard;
			sourceTree = "<group>";
		};
/* End PBXVariantGroup section */

/* Begin XCBuildConfiguration section */
		3373D5EF20BD6BE0002A2A35 /* Debug */ = {
			isa = XCBuildConfiguration;
			buildSettings = {
				ALWAYS_SEARCH_USER_PATHS = NO;
				CLANG_ANALYZER_NONNULL = YES;
				CLANG_ANALYZER_NUMBER_OBJECT_CONVERSION = YES_AGGRESSIVE;
				CLANG_CXX_LANGUAGE_STANDARD = "gnu++14";
				CLANG_CXX_LIBRARY = "libc++";
				CLANG_ENABLE_MODULES = YES;
				CLANG_ENABLE_OBJC_ARC = YES;
				CLANG_ENABLE_OBJC_WEAK = YES;
				CLANG_WARN_BLOCK_CAPTURE_AUTORELEASING = YES;
				CLANG_WARN_BOOL_CONVERSION = YES;
				CLANG_WARN_COMMA = YES;
				CLANG_WARN_CONSTANT_CONVERSION = YES;
				CLANG_WARN_DEPRECATED_OBJC_IMPLEMENTATIONS = YES;
				CLANG_WARN_DIRECT_OBJC_ISA_USAGE = YES_ERROR;
				CLANG_WARN_DOCUMENTATION_COMMENTS = YES;
				CLANG_WARN_EMPTY_BODY = YES;
				CLANG_WARN_ENUM_CONVERSION = YES;
				CLANG_WARN_INFINITE_RECURSION = YES;
				CLANG_WARN_INT_CONVERSION = YES;
				CLANG_WARN_NON_LITERAL_NULL_CONVERSION = YES;
				CLANG_WARN_OBJC_IMPLICIT_RETAIN_SELF = YES;
				CLANG_WARN_OBJC_LITERAL_CONVERSION = YES;
				CLANG_WARN_OBJC_ROOT_CLASS = YES_ERROR;
				CLANG_WARN_RANGE_LOOP_ANALYSIS = YES;
				CLANG_WARN_STRICT_PROTOTYPES = YES;
				CLANG_WARN_SUSPICIOUS_MOVE = YES;
				CLANG_WARN_UNGUARDED_AVAILABILITY = YES_AGGRESSIVE;
				CLANG_WARN_UNREACHABLE_CODE = YES;
				CLANG_WARN__DUPLICATE_METHOD_MATCH = YES;
				CODE_SIGN_IDENTITY = "iPhone Developer";
				COPY_PHASE_STRIP = NO;
				DEBUG_INFORMATION_FORMAT = dwarf;
				ENABLE_STRICT_OBJC_MSGSEND = YES;
				ENABLE_TESTABILITY = YES;
				GCC_C_LANGUAGE_STANDARD = gnu11;
				GCC_DYNAMIC_NO_PIC = NO;
				GCC_NO_COMMON_BLOCKS = YES;
				GCC_OPTIMIZATION_LEVEL = 0;
				GCC_PREPROCESSOR_DEFINITIONS = (
					"DEBUG=1",
					"$(inherited)",
				);
				GCC_WARN_64_TO_32_BIT_CONVERSION = YES;
				GCC_WARN_ABOUT_RETURN_TYPE = YES_ERROR;
				GCC_WARN_UNDECLARED_SELECTOR = YES;
				GCC_WARN_UNINITIALIZED_AUTOS = YES_AGGRESSIVE;
				GCC_WARN_UNUSED_FUNCTION = YES;
				GCC_WARN_UNUSED_VARIABLE = YES;
				IPHONEOS_DEPLOYMENT_TARGET = 11.3;
				MTL_ENABLE_DEBUG_INFO = YES;
				ONLY_ACTIVE_ARCH = YES;
				SDKROOT = iphoneos;
				SWIFT_ACTIVE_COMPILATION_CONDITIONS = DEBUG;
				SWIFT_OPTIMIZATION_LEVEL = "-Onone";
			};
			name = Debug;
		};
		3373D5F020BD6BE0002A2A35 /* Release */ = {
			isa = XCBuildConfiguration;
			buildSettings = {
				ALWAYS_SEARCH_USER_PATHS = NO;
				CLANG_ANALYZER_NONNULL = YES;
				CLANG_ANALYZER_NUMBER_OBJECT_CONVERSION = YES_AGGRESSIVE;
				CLANG_CXX_LANGUAGE_STANDARD = "gnu++14";
				CLANG_CXX_LIBRARY = "libc++";
				CLANG_ENABLE_MODULES = YES;
				CLANG_ENABLE_OBJC_ARC = YES;
				CLANG_ENABLE_OBJC_WEAK = YES;
				CLANG_WARN_BLOCK_CAPTURE_AUTORELEASING = YES;
				CLANG_WARN_BOOL_CONVERSION = YES;
				CLANG_WARN_COMMA = YES;
				CLANG_WARN_CONSTANT_CONVERSION = YES;
				CLANG_WARN_DEPRECATED_OBJC_IMPLEMENTATIONS = YES;
				CLANG_WARN_DIRECT_OBJC_ISA_USAGE = YES_ERROR;
				CLANG_WARN_DOCUMENTATION_COMMENTS = YES;
				CLANG_WARN_EMPTY_BODY = YES;
				CLANG_WARN_ENUM_CONVERSION = YES;
				CLANG_WARN_INFINITE_RECURSION = YES;
				CLANG_WARN_INT_CONVERSION = YES;
				CLANG_WARN_NON_LITERAL_NULL_CONVERSION = YES;
				CLANG_WARN_OBJC_IMPLICIT_RETAIN_SELF = YES;
				CLANG_WARN_OBJC_LITERAL_CONVERSION = YES;
				CLANG_WARN_OBJC_ROOT_CLASS = YES_ERROR;
				CLANG_WARN_RANGE_LOOP_ANALYSIS = YES;
				CLANG_WARN_STRICT_PROTOTYPES = YES;
				CLANG_WARN_SUSPICIOUS_MOVE = YES;
				CLANG_WARN_UNGUARDED_AVAILABILITY = YES_AGGRESSIVE;
				CLANG_WARN_UNREACHABLE_CODE = YES;
				CLANG_WARN__DUPLICATE_METHOD_MATCH = YES;
				CODE_SIGN_IDENTITY = "iPhone Developer";
				COPY_PHASE_STRIP = NO;
				DEBUG_INFORMATION_FORMAT = "dwarf-with-dsym";
				ENABLE_NS_ASSERTIONS = NO;
				ENABLE_STRICT_OBJC_MSGSEND = YES;
				GCC_C_LANGUAGE_STANDARD = gnu11;
				GCC_NO_COMMON_BLOCKS = YES;
				GCC_WARN_64_TO_32_BIT_CONVERSION = YES;
				GCC_WARN_ABOUT_RETURN_TYPE = YES_ERROR;
				GCC_WARN_UNDECLARED_SELECTOR = YES;
				GCC_WARN_UNINITIALIZED_AUTOS = YES_AGGRESSIVE;
				GCC_WARN_UNUSED_FUNCTION = YES;
				GCC_WARN_UNUSED_VARIABLE = YES;
				IPHONEOS_DEPLOYMENT_TARGET = 11.3;
				MTL_ENABLE_DEBUG_INFO = NO;
				SDKROOT = iphoneos;
				SWIFT_COMPILATION_MODE = wholemodule;
				SWIFT_OPTIMIZATION_LEVEL = "-O";
				VALIDATE_PRODUCT = YES;
			};
			name = Release;
		};
		3373D5F220BD6BE0002A2A35 /* Debug */ = {
			isa = XCBuildConfiguration;
			baseConfigurationReference = B8AC3D9B95164D17C6FFACEA /* Pods-Kallinas.debug.xcconfig */;
			buildSettings = {
				ASSETCATALOG_COMPILER_APPICON_NAME = AppIcon;
				CODE_SIGN_STYLE = Automatic;
				INFOPLIST_FILE = Kallinas/Info.plist;
				LD_RUNPATH_SEARCH_PATHS = (
					"$(inherited)",
					"@executable_path/Frameworks",
				);
				PRODUCT_BUNDLE_IDENTIFIER = wuzzup.Kallinas;
				PRODUCT_NAME = "$(TARGET_NAME)";
				SWIFT_VERSION = 4.0;
				TARGETED_DEVICE_FAMILY = "1,2";
			};
			name = Debug;
		};
		3373D5F320BD6BE0002A2A35 /* Release */ = {
			isa = XCBuildConfiguration;
			baseConfigurationReference = 9D5679118D7FBD49B4E911F5 /* Pods-Kallinas.release.xcconfig */;
			buildSettings = {
				ASSETCATALOG_COMPILER_APPICON_NAME = AppIcon;
				CODE_SIGN_STYLE = Automatic;
				INFOPLIST_FILE = Kallinas/Info.plist;
				LD_RUNPATH_SEARCH_PATHS = (
					"$(inherited)",
					"@executable_path/Frameworks",
				);
				PRODUCT_BUNDLE_IDENTIFIER = wuzzup.Kallinas;
				PRODUCT_NAME = "$(TARGET_NAME)";
				SWIFT_VERSION = 4.0;
				TARGETED_DEVICE_FAMILY = "1,2";
			};
			name = Release;
		};
/* End XCBuildConfiguration section */

/* Begin XCConfigurationList section */
		3373D5D720BD6BDE002A2A35 /* Build configuration list for PBXProject "Kallinas" */ = {
			isa = XCConfigurationList;
			buildConfigurations = (
				3373D5EF20BD6BE0002A2A35 /* Debug */,
				3373D5F020BD6BE0002A2A35 /* Release */,
			);
			defaultConfigurationIsVisible = 0;
			defaultConfigurationName = Release;
		};
		3373D5F120BD6BE0002A2A35 /* Build configuration list for PBXNativeTarget "Kallinas" */ = {
			isa = XCConfigurationList;
			buildConfigurations = (
				3373D5F220BD6BE0002A2A35 /* Debug */,
				3373D5F320BD6BE0002A2A35 /* Release */,
			);
			defaultConfigurationIsVisible = 0;
			defaultConfigurationName = Release;
		};
/* End XCConfigurationList section */

/* Begin XCVersionGroup section */
		3373D5E620BD6BDE002A2A35 /* Kallinas.xcdatamodeld */ = {
			isa = XCVersionGroup;
			children = (
				3373D5E720BD6BDE002A2A35 /* Kallinas.xcdatamodel */,
			);
			currentVersion = 3373D5E720BD6BDE002A2A35 /* Kallinas.xcdatamodel */;
			path = Kallinas.xcdatamodeld;
			sourceTree = "<group>";
			versionGroupType = wrapper.xcdatamodel;
		};
/* End XCVersionGroup section */
	};
	rootObject = 3373D5D420BD6BDE002A2A35 /* Project object */;
}
